
Microsoft Visual Studio Solution File, Format Version 12.00
# Visual Studio 15
VisualStudioVersion = 15.0.28307.1738
MinimumVisualStudioVersion = 10.0.40219.1
Project("{FAE04EC0-301F-11D3-BF4B-00C04F79EFBC}") = "RecordStore.UI.MVC", "RecordStore.UI.MVC\RecordStore.UI.MVC.csproj", "{65922B6E-1ECE-4EEF-94E2-E43136B48B0C}"
EndProject
Project("{2150E333-8FDC-42A3-9474-1A3956D46DE8}") = "Solution Items", "Solution Items", "{2BB584C7-4033-41CD-976A-17A74361ABDF}"
	ProjectSection(SolutionItems) = preProject
		.gitignore = .gitignore
	EndProjectSection
EndProject
Project("{FAE04EC0-301F-11D3-BF4B-00C04F79EFBC}") = "RecordStore.Data.EF", "RecordStore.Data.EF\RecordStore.Data.EF.csproj", "{77AD6281-9469-4D8C-BE9E-A1194F672392}"
EndProject
Global
	GlobalSection(SolutionConfigurationPlatforms) = preSolution
		Debug|Any CPU = Debug|Any CPU
		Release|Any CPU = Release|Any CPU
	EndGlobalSection
	GlobalSection(ProjectConfigurationPlatforms) = postSolution
		{65922B6E-1ECE-4EEF-94E2-E43136B48B0C}.Debug|Any CPU.ActiveCfg = Debug|Any CPU
		{65922B6E-1ECE-4EEF-94E2-E43136B48B0C}.Debug|Any CPU.Build.0 = Debug|Any CPU
		{65922B6E-1ECE-4EEF-94E2-E43136B48B0C}.Release|Any CPU.ActiveCfg = Release|Any CPU
		{65922B6E-1ECE-4EEF-94E2-E43136B48B0C}.Release|Any CPU.Build.0 = Release|Any CPU
		{77AD6281-9469-4D8C-BE9E-A1194F672392}.Debug|Any CPU.ActiveCfg = Debug|Any CPU
		{77AD6281-9469-4D8C-BE9E-A1194F672392}.Debug|Any CPU.Build.0 = Debug|Any CPU
		{77AD6281-9469-4D8C-BE9E-A1194F672392}.Release|Any CPU.ActiveCfg = Release|Any CPU
		{77AD6281-9469-4D8C-BE9E-A1194F672392}.Release|Any CPU.Build.0 = Release|Any CPU
	EndGlobalSection
	GlobalSection(SolutionProperties) = preSolution
		HideSolutionNode = FALSE
	EndGlobalSection
	GlobalSection(ExtensibilityGlobals) = postSolution
		SolutionGuid = {4066FB95-78A5-439A-A4DC-D856A09EF883}
	EndGlobalSection
EndGlobal
